
Microsoft Visual Studio Solution File, Format Version 12.00
# Visual Studio Version 17
VisualStudioVersion = 17.13.35825.156
MinimumVisualStudioVersion = 10.0.40219.1
Project("{FAE04EC0-301F-11D3-BF4B-00C04F79EFBC}") = "ProblemPlecakowy", "ProblemPlecakowy.csproj", "{F32C8AE9-E305-4F2D-A70C-AD7443BC0A59}"
EndProject
Project("{FAE04EC0-301F-11D3-BF4B-00C04F79EFBC}") = "TestProject", "..\TestProject\TestProject.csproj", "{CCBF6FE1-2FB7-4AF4-BE2F-E299911B5521}"
EndProject
Project("{FAE04EC0-301F-11D3-BF4B-00C04F79EFBC}") = "GUI", "..\GUI\GUI.csproj", "{4E9E3C30-3ACD-448A-8AB8-0D3C98A864D1}"
EndProject
Global
	GlobalSection(SolutionConfigurationPlatforms) = preSolution
		Debug|Any CPU = Debug|Any CPU
		Release|Any CPU = Release|Any CPU
	EndGlobalSection
	GlobalSection(ProjectConfigurationPlatforms) = postSolution
		{F32C8AE9-E305-4F2D-A70C-AD7443BC0A59}.Debug|Any CPU.ActiveCfg = Debug|Any CPU
		{F32C8AE9-E305-4F2D-A70C-AD7443BC0A59}.Debug|Any CPU.Build.0 = Debug|Any CPU
		{F32C8AE9-E305-4F2D-A70C-AD7443BC0A59}.Release|Any CPU.ActiveCfg = Release|Any CPU
		{F32C8AE9-E305-4F2D-A70C-AD7443BC0A59}.Release|Any CPU.Build.0 = Release|Any CPU
		{CCBF6FE1-2FB7-4AF4-BE2F-E299911B5521}.Debug|Any CPU.ActiveCfg = Debug|Any CPU
		{CCBF6FE1-2FB7-4AF4-BE2F-E299911B5521}.Debug|Any CPU.Build.0 = Debug|Any CPU
		{CCBF6FE1-2FB7-4AF4-BE2F-E299911B5521}.Release|Any CPU.ActiveCfg = Release|Any CPU
		{CCBF6FE1-2FB7-4AF4-BE2F-E299911B5521}.Release|Any CPU.Build.0 = Release|Any CPU
		{4E9E3C30-3ACD-448A-8AB8-0D3C98A864D1}.Debug|Any CPU.ActiveCfg = Debug|Any CPU
		{4E9E3C30-3ACD-448A-8AB8-0D3C98A864D1}.Debug|Any CPU.Build.0 = Debug|Any CPU
		{4E9E3C30-3ACD-448A-8AB8-0D3C98A864D1}.Release|Any CPU.ActiveCfg = Release|Any CPU
		{4E9E3C30-3ACD-448A-8AB8-0D3C98A864D1}.Release|Any CPU.Build.0 = Release|Any CPU
	EndGlobalSection
	GlobalSection(SolutionProperties) = preSolution
		HideSolutionNode = FALSE
	EndGlobalSection
	GlobalSection(ExtensibilityGlobals) = postSolution
		SolutionGuid = {709566EF-A69C-40EF-8C0F-5718A7A987C0}
	EndGlobalSection
EndGlobal
